// !$*UTF8*$!
{
	archiveVersion = 1;
	classes = {
	};
	objectVersion = 50;
	objects = {

/* Begin PBXBuildFile section */
		66CADBD32239E6B200D881B7 /* AppDelegate.swift in Sources */ = {isa = PBXBuildFile; fileRef = 66CADBD22239E6B200D881B7 /* AppDelegate.swift */; };
		66CADBD52239E6B200D881B7 /* ViewController.swift in Sources */ = {isa = PBXBuildFile; fileRef = 66CADBD42239E6B200D881B7 /* ViewController.swift */; };
		66CADBD82239E6B200D881B7 /* Main.storyboard in Resources */ = {isa = PBXBuildFile; fileRef = 66CADBD62239E6B200D881B7 /* Main.storyboard */; };
		66CADBDA2239E6B300D881B7 /* Assets.xcassets in Resources */ = {isa = PBXBuildFile; fileRef = 66CADBD92239E6B300D881B7 /* Assets.xcassets */; };
		66CADBDD2239E6B300D881B7 /* LaunchScreen.storyboard in Resources */ = {isa = PBXBuildFile; fileRef = 66CADBDB2239E6B300D881B7 /* LaunchScreen.storyboard */; };
		66CADBE82239E6B300D881B7 /* BrickBreakerTests.swift in Sources */ = {isa = PBXBuildFile; fileRef = 66CADBE72239E6B300D881B7 /* BrickBreakerTests.swift */; };
		66CADBF32239E6B300D881B7 /* BrickBreakerUITests.swift in Sources */ = {isa = PBXBuildFile; fileRef = 66CADBF22239E6B300D881B7 /* BrickBreakerUITests.swift */; };
/* End PBXBuildFile section */

/* Begin PBXContainerItemProxy section */
		66CADBE42239E6B300D881B7 /* PBXContainerItemProxy */ = {
			isa = PBXContainerItemProxy;
			containerPortal = 66CADBC72239E6B200D881B7 /* Project object */;
			proxyType = 1;
			remoteGlobalIDString = 66CADBCE2239E6B200D881B7;
			remoteInfo = BrickBreaker;
		};
		66CADBEF2239E6B300D881B7 /* PBXContainerItemProxy */ = {
			isa = PBXContainerItemProxy;
			containerPortal = 66CADBC72239E6B200D881B7 /* Project object */;
			proxyType = 1;
			remoteGlobalIDString = 66CADBCE2239E6B200D881B7;
			remoteInfo = BrickBreaker;
		};
/* End PBXContainerItemProxy section */

/* Begin PBXFileReference section */
		66CADBCF2239E6B200D881B7 /* BrickBreaker.app */ = {isa = PBXFileReference; explicitFileType = wrapper.application; includeInIndex = 0; path = BrickBreaker.app; sourceTree = BUILT_PRODUCTS_DIR; };
		66CADBD22239E6B200D881B7 /* AppDelegate.swift */ = {isa = PBXFileReference; lastKnownFileType = sourcecode.swift; path = AppDelegate.swift; sourceTree = "<group>"; };
		66CADBD42239E6B200D881B7 /* ViewController.swift */ = {isa = PBXFileReference; lastKnownFileType = sourcecode.swift; path = ViewController.swift; sourceTree = "<group>"; };
		66CADBD72239E6B200D881B7 /* Base */ = {isa = PBXFileReference; lastKnownFileType = file.storyboard; name = Base; path = Base.lproj/Main.storyboard; sourceTree = "<group>"; };
		66CADBD92239E6B300D881B7 /* Assets.xcassets */ = {isa = PBXFileReference; lastKnownFileType = folder.assetcatalog; path = Assets.xcassets; sourceTree = "<group>"; };
		66CADBDC2239E6B300D881B7 /* Base */ = {isa = PBXFileReference; lastKnownFileType = file.storyboard; name = Base; path = Base.lproj/LaunchScreen.storyboard; sourceTree = "<group>"; };
		66CADBDE2239E6B300D881B7 /* Info.plist */ = {isa = PBXFileReference; lastKnownFileType = text.plist.xml; path = Info.plist; sourceTree = "<group>"; };
		66CADBE32239E6B300D881B7 /* BrickBreakerTests.xctest */ = {isa = PBXFileReference; explicitFileType = wrapper.cfbundle; includeInIndex = 0; path = BrickBreakerTests.xctest; sourceTree = BUILT_PRODUCTS_DIR; };
		66CADBE72239E6B300D881B7 /* BrickBreakerTests.swift */ = {isa = PBXFileReference; lastKnownFileType = sourcecode.swift; path = BrickBreakerTests.swift; sourceTree = "<group>"; };
		66CADBE92239E6B300D881B7 /* Info.plist */ = {isa = PBXFileReference; lastKnownFileType = text.plist.xml; path = Info.plist; sourceTree = "<group>"; };
		66CADBEE2239E6B300D881B7 /* BrickBreakerUITests.xctest */ = {isa = PBXFileReference; explicitFileType = wrapper.cfbundle; includeInIndex = 0; path = BrickBreakerUITests.xctest; sourceTree = BUILT_PRODUCTS_DIR; };
		66CADBF22239E6B300D881B7 /* BrickBreakerUITests.swift */ = {isa = PBXFileReference; lastKnownFileType = sourcecode.swift; path = BrickBreakerUITests.swift; sourceTree = "<group>"; };
		66CADBF42239E6B300D881B7 /* Info.plist */ = {isa = PBXFileReference; lastKnownFileType = text.plist.xml; path = Info.plist; sourceTree = "<group>"; };
/* End PBXFileReference section */

/* Begin PBXFrameworksBuildPhase section */
		66CADBCC2239E6B200D881B7 /* Frameworks */ = {
			isa = PBXFrameworksBuildPhase;
			buildActionMask = 2147483647;
			files = (
			);
			runOnlyForDeploymentPostprocessing = 0;
		};
		66CADBE02239E6B300D881B7 /* Frameworks */ = {
			isa = PBXFrameworksBuildPhase;
			buildActionMask = 2147483647;
			files = (
			);
			runOnlyForDeploymentPostprocessing = 0;
		};
		66CADBEB2239E6B300D881B7 /* Frameworks */ = {
			isa = PBXFrameworksBuildPhase;
			buildActionMask = 2147483647;
			files = (
			);
			runOnlyForDeploymentPostprocessing = 0;
		};
/* End PBXFrameworksBuildPhase section */

/* Begin PBXGroup section */
		66CADBC62239E6B200D881B7 = {
			isa = PBXGroup;
			children = (
				66CADBD12239E6B200D881B7 /* BrickBreaker */,
				66CADBE62239E6B300D881B7 /* BrickBreakerTests */,
				66CADBF12239E6B300D881B7 /* BrickBreakerUITests */,
				66CADBD02239E6B200D881B7 /* Products */,
			);
			sourceTree = "<group>";
		};
		66CADBD02239E6B200D881B7 /* Products */ = {
			isa = PBXGroup;
			children = (
				66CADBCF2239E6B200D881B7 /* BrickBreaker.app */,
				66CADBE32239E6B300D881B7 /* BrickBreakerTests.xctest */,
				66CADBEE2239E6B300D881B7 /* BrickBreakerUITests.xctest */,
			);
			name = Products;
			sourceTree = "<group>";
		};
		66CADBD12239E6B200D881B7 /* BrickBreaker */ = {
			isa = PBXGroup;
			children = (
				66CADBD22239E6B200D881B7 /* AppDelegate.swift */,
				66CADBD42239E6B200D881B7 /* ViewController.swift */,
				66CADBD62239E6B200D881B7 /* Main.storyboard */,
				66CADBD92239E6B300D881B7 /* Assets.xcassets */,
				66CADBDB2239E6B300D881B7 /* LaunchScreen.storyboard */,
				66CADBDE2239E6B300D881B7 /* Info.plist */,
			);
			path = BrickBreaker;
			sourceTree = "<group>";
		};
		66CADBE62239E6B300D881B7 /* BrickBreakerTests */ = {
			isa = PBXGroup;
			children = (
				66CADBE72239E6B300D881B7 /* BrickBreakerTests.swift */,
				66CADBE92239E6B300D881B7 /* Info.plist */,
			);
			path = BrickBreakerTests;
			sourceTree = "<group>";
		};
		66CADBF12239E6B300D881B7 /* BrickBreakerUITests */ = {
			isa = PBXGroup;
			children = (
				66CADBF22239E6B300D881B7 /* BrickBreakerUITests.swift */,
				66CADBF42239E6B300D881B7 /* Info.plist */,
			);
			path = BrickBreakerUITests;
			sourceTree = "<group>";
		};
/* End PBXGroup section */

/* Begin PBXNativeTarget section */
		66CADBCE2239E6B200D881B7 /* BrickBreaker */ = {
			isa = PBXNativeTarget;
			buildConfigurationList = 66CADBF72239E6B300D881B7 /* Build configuration list for PBXNativeTarget "BrickBreaker" */;
			buildPhases = (
				66CADBCB2239E6B200D881B7 /* Sources */,
				66CADBCC2239E6B200D881B7 /* Frameworks */,
				66CADBCD2239E6B200D881B7 /* Resources */,
			);
			buildRules = (
			);
			dependencies = (
			);
			name = BrickBreaker;
			productName = BrickBreaker;
			productReference = 66CADBCF2239E6B200D881B7 /* BrickBreaker.app */;
			productType = "com.apple.product-type.application";
		};
		66CADBE22239E6B300D881B7 /* BrickBreakerTests */ = {
			isa = PBXNativeTarget;
			buildConfigurationList = 66CADBFA2239E6B300D881B7 /* Build configuration list for PBXNativeTarget "BrickBreakerTests" */;
			buildPhases = (
				66CADBDF2239E6B300D881B7 /* Sources */,
				66CADBE02239E6B300D881B7 /* Frameworks */,
				66CADBE12239E6B300D881B7 /* Resources */,
			);
			buildRules = (
			);
			dependencies = (
				66CADBE52239E6B300D881B7 /* PBXTargetDependency */,
			);
			name = BrickBreakerTests;
			productName = BrickBreakerTests;
			productReference = 66CADBE32239E6B300D881B7 /* BrickBreakerTests.xctest */;
			productType = "com.apple.product-type.bundle.unit-test";
		};
		66CADBED2239E6B300D881B7 /* BrickBreakerUITests */ = {
			isa = PBXNativeTarget;
			buildConfigurationList = 66CADBFD2239E6B300D881B7 /* Build configuration list for PBXNativeTarget "BrickBreakerUITests" */;
			buildPhases = (
				66CADBEA2239E6B300D881B7 /* Sources */,
				66CADBEB2239E6B300D881B7 /* Frameworks */,
				66CADBEC2239E6B300D881B7 /* Resources */,
			);
			buildRules = (
			);
			dependencies = (
				66CADBF02239E6B300D881B7 /* PBXTargetDependency */,
			);
			name = BrickBreakerUITests;
			productName = BrickBreakerUITests;
			productReference = 66CADBEE2239E6B300D881B7 /* BrickBreakerUITests.xctest */;
			productType = "com.apple.product-type.bundle.ui-testing";
		};
/* End PBXNativeTarget section */

/* Begin PBXProject section */
		66CADBC72239E6B200D881B7 /* Project object */ = {
			isa = PBXProject;
			attributes = {
				LastSwiftUpdateCheck = 1010;
				LastUpgradeCheck = 1010;
				ORGANIZATIONNAME = "Bruno Valerio";
				TargetAttributes = {
					66CADBCE2239E6B200D881B7 = {
						CreatedOnToolsVersion = 10.1;
					};
					66CADBE22239E6B300D881B7 = {
						CreatedOnToolsVersion = 10.1;
						TestTargetID = 66CADBCE2239E6B200D881B7;
					};
					66CADBED2239E6B300D881B7 = {
						CreatedOnToolsVersion = 10.1;
						TestTargetID = 66CADBCE2239E6B200D881B7;
					};
				};
			};
			buildConfigurationList = 66CADBCA2239E6B200D881B7 /* Build configuration list for PBXProject "BrickBreaker" */;
			compatibilityVersion = "Xcode 9.3";
			developmentRegion = en;
			hasScannedForEncodings = 0;
			knownRegions = (
				en,
				Base,
			);
			mainGroup = 66CADBC62239E6B200D881B7;
			productRefGroup = 66CADBD02239E6B200D881B7 /* Products */;
			projectDirPath = "";
			projectRoot = "";
			targets = (
				66CADBCE2239E6B200D881B7 /* BrickBreaker */,
				66CADBE22239E6B300D881B7 /* BrickBreakerTests */,
				66CADBED2239E6B300D881B7 /* BrickBreakerUITests */,
			);
		};
/* End PBXProject section */

/* Begin PBXResourcesBuildPhase section */
		66CADBCD2239E6B200D881B7 /* Resources */ = {
			isa = PBXResourcesBuildPhase;
			buildActionMask = 2147483647;
			files = (
				66CADBDD2239E6B300D881B7 /* LaunchScreen.storyboard in Resources */,
				66CADBDA2239E6B300D881B7 /* Assets.xcassets in Resources */,
				66CADBD82239E6B200D881B7 /* Main.storyboard in Resources */,
			);
			runOnlyForDeploymentPostprocessing = 0;
		};
		66CADBE12239E6B300D881B7 /* Resources */ = {
			isa = PBXResourcesBuildPhase;
			buildActionMask = 2147483647;
			files = (
			);
			runOnlyForDeploymentPostprocessing = 0;
		};
		66CADBEC2239E6B300D881B7 /* Resources */ = {
			isa = PBXResourcesBuildPhase;
			buildActionMask = 2147483647;
			files = (
			);
			runOnlyForDeploymentPostprocessing = 0;
		};
/* End PBXResourcesBuildPhase section */

/* Begin PBXSourcesBuildPhase section */
		66CADBCB2239E6B200D881B7 /* Sources */ = {
			isa = PBXSourcesBuildPhase;
			buildActionMask = 2147483647;
			files = (
				66CADBD52239E6B200D881B7 /* ViewController.swift in Sources */,
				66CADBD32239E6B200D881B7 /* AppDelegate.swift in Sources */,
			);
			runOnlyForDeploymentPostprocessing = 0;
		};
		66CADBDF2239E6B300D881B7 /* Sources */ = {
			isa = PBXSourcesBuildPhase;
			buildActionMask = 2147483647;
			files = (
				66CADBE82239E6B300D881B7 /* BrickBreakerTests.swift in Sources */,
			);
			runOnlyForDeploymentPostprocessing = 0;
		};
		66CADBEA2239E6B300D881B7 /* Sources */ = {
			isa = PBXSourcesBuildPhase;
			buildActionMask = 2147483647;
			files = (
				66CADBF32239E6B300D881B7 /* BrickBreakerUITests.swift in Sources */,
			);
			runOnlyForDeploymentPostprocessing = 0;
		};
/* End PBXSourcesBuildPhase section */

/* Begin PBXTargetDependency section */
		66CADBE52239E6B300D881B7 /* PBXTargetDependency */ = {
			isa = PBXTargetDependency;
			target = 66CADBCE2239E6B200D881B7 /* BrickBreaker */;
			targetProxy = 66CADBE42239E6B300D881B7 /* PBXContainerItemProxy */;
		};
		66CADBF02239E6B300D881B7 /* PBXTargetDependency */ = {
			isa = PBXTargetDependency;
			target = 66CADBCE2239E6B200D881B7 /* BrickBreaker */;
			targetProxy = 66CADBEF2239E6B300D881B7 /* PBXContainerItemProxy */;
		};
/* End PBXTargetDependency section */

/* Begin PBXVariantGroup section */
		66CADBD62239E6B200D881B7 /* Main.storyboard */ = {
			isa = PBXVariantGroup;
			children = (
				66CADBD72239E6B200D881B7 /* Base */,
			);
			name = Main.storyboard;
			sourceTree = "<group>";
		};
		66CADBDB2239E6B300D881B7 /* LaunchScreen.storyboard */ = {
			isa = PBXVariantGroup;
			children = (
				66CADBDC2239E6B300D881B7 /* Base */,
			);
			name = LaunchScreen.storyboard;
			sourceTree = "<group>";
		};
/* End PBXVariantGroup section */

/* Begin XCBuildConfiguration section */
		66CADBF52239E6B300D881B7 /* Debug */ = {
			isa = XCBuildConfiguration;
			buildSettings = {
				ALWAYS_SEARCH_USER_PATHS = NO;
				CLANG_ANALYZER_NONNULL = YES;
				CLANG_ANALYZER_NUMBER_OBJECT_CONVERSION = YES_AGGRESSIVE;
				CLANG_CXX_LANGUAGE_STANDARD = "gnu++14";
				CLANG_CXX_LIBRARY = "libc++";
				CLANG_ENABLE_MODULES = YES;
				CLANG_ENABLE_OBJC_ARC = YES;
				CLANG_ENABLE_OBJC_WEAK = YES;
				CLANG_WARN_BLOCK_CAPTURE_AUTORELEASING = YES;
				CLANG_WARN_BOOL_CONVERSION = YES;
				CLANG_WARN_COMMA = YES;
				CLANG_WARN_CONSTANT_CONVERSION = YES;
				CLANG_WARN_DEPRECATED_OBJC_IMPLEMENTATIONS = YES;
				CLANG_WARN_DIRECT_OBJC_ISA_USAGE = YES_ERROR;
				CLANG_WARN_DOCUMENTATION_COMMENTS = YES;
				CLANG_WARN_EMPTY_BODY = YES;
				CLANG_WARN_ENUM_CONVERSION = YES;
				CLANG_WARN_INFINITE_RECURSION = YES;
				CLANG_WARN_INT_CONVERSION = YES;
				CLANG_WARN_NON_LITERAL_NULL_CONVERSION = YES;
				CLANG_WARN_OBJC_IMPLICIT_RETAIN_SELF = YES;
				CLANG_WARN_OBJC_LITERAL_CONVERSION = YES;
				CLANG_WARN_OBJC_ROOT_CLASS = YES_ERROR;
				CLANG_WARN_RANGE_LOOP_ANALYSIS = YES;
				CLANG_WARN_STRICT_PROTOTYPES = YES;
				CLANG_WARN_SUSPICIOUS_MOVE = YES;
				CLANG_WARN_UNGUARDED_AVAILABILITY = YES_AGGRESSIVE;
				CLANG_WARN_UNREACHABLE_CODE = YES;
				CLANG_WARN__DUPLICATE_METHOD_MATCH = YES;
				CODE_SIGN_IDENTITY = "iPhone Developer";
				COPY_PHASE_STRIP = NO;
				DEBUG_INFORMATION_FORMAT = dwarf;
				ENABLE_STRICT_OBJC_MSGSEND = YES;
				ENABLE_TESTABILITY = YES;
				GCC_C_LANGUAGE_STANDARD = gnu11;
				GCC_DYNAMIC_NO_PIC = NO;
				GCC_NO_COMMON_BLOCKS = YES;
				GCC_OPTIMIZATION_LEVEL = 0;
				GCC_PREPROCESSOR_DEFINITIONS = (
					"DEBUG=1",
					"$(inherited)",
				);
				GCC_WARN_64_TO_32_BIT_CONVERSION = YES;
				GCC_WARN_ABOUT_RETURN_TYPE = YES_ERROR;
				GCC_WARN_UNDECLARED_SELECTOR = YES;
				GCC_WARN_UNINITIALIZED_AUTOS = YES_AGGRESSIVE;
				GCC_WARN_UNUSED_FUNCTION = YES;
				GCC_WARN_UNUSED_VARIABLE = YES;
				IPHONEOS_DEPLOYMENT_TARGET = 12.1;
				MTL_ENABLE_DEBUG_INFO = INCLUDE_SOURCE;
				MTL_FAST_MATH = YES;
				ONLY_ACTIVE_ARCH = YES;
				SDKROOT = iphoneos;
				SWIFT_ACTIVE_COMPILATION_CONDITIONS = DEBUG;
				SWIFT_OPTIMIZATION_LEVEL = "-Onone";
			};
			name = Debug;
		};
		66CADBF62239E6B300D881B7 /* Release */ = {
			isa = XCBuildConfiguration;
			buildSettings = {
				ALWAYS_SEARCH_USER_PATHS = NO;
				CLANG_ANALYZER_NONNULL = YES;
				CLANG_ANALYZER_NUMBER_OBJECT_CONVERSION = YES_AGGRESSIVE;
				CLANG_CXX_LANGUAGE_STANDARD = "gnu++14";
				CLANG_CXX_LIBRARY = "libc++";
				CLANG_ENABLE_MODULES = YES;
				CLANG_ENABLE_OBJC_ARC = YES;
				CLANG_ENABLE_OBJC_WEAK = YES;
				CLANG_WARN_BLOCK_CAPTURE_AUTORELEASING = YES;
				CLANG_WARN_BOOL_CONVERSION = YES;
				CLANG_WARN_COMMA = YES;
				CLANG_WARN_CONSTANT_CONVERSION = YES;
				CLANG_WARN_DEPRECATED_OBJC_IMPLEMENTATIONS = YES;
				CLANG_WARN_DIRECT_OBJC_ISA_USAGE = YES_ERROR;
				CLANG_WARN_DOCUMENTATION_COMMENTS = YES;
				CLANG_WARN_EMPTY_BODY = YES;
				CLANG_WARN_ENUM_CONVERSION = YES;
				CLANG_WARN_INFINITE_RECURSION = YES;
				CLANG_WARN_INT_CONVERSION = YES;
				CLANG_WARN_NON_LITERAL_NULL_CONVERSION = YES;
				CLANG_WARN_OBJC_IMPLICIT_RETAIN_SELF = YES;
				CLANG_WARN_OBJC_LITERAL_CONVERSION = YES;
				CLANG_WARN_OBJC_ROOT_CLASS = YES_ERROR;
				CLANG_WARN_RANGE_LOOP_ANALYSIS = YES;
				CLANG_WARN_STRICT_PROTOTYPES = YES;
				CLANG_WARN_SUSPICIOUS_MOVE = YES;
				CLANG_WARN_UNGUARDED_AVAILABILITY = YES_AGGRESSIVE;
				CLANG_WARN_UNREACHABLE_CODE = YES;
				CLANG_WARN__DUPLICATE_METHOD_MATCH = YES;
				CODE_SIGN_IDENTITY = "iPhone Developer";
				COPY_PHASE_STRIP = NO;
				DEBUG_INFORMATION_FORMAT = "dwarf-with-dsym";
				ENABLE_NS_ASSERTIONS = NO;
				ENABLE_STRICT_OBJC_MSGSEND = YES;
				GCC_C_LANGUAGE_STANDARD = gnu11;
				GCC_NO_COMMON_BLOCKS = YES;
				GCC_WARN_64_TO_32_BIT_CONVERSION = YES;
				GCC_WARN_ABOUT_RETURN_TYPE = YES_ERROR;
				GCC_WARN_UNDECLARED_SELECTOR = YES;
				GCC_WARN_UNINITIALIZED_AUTOS = YES_AGGRESSIVE;
				GCC_WARN_UNUSED_FUNCTION = YES;
				GCC_WARN_UNUSED_VARIABLE = YES;
				IPHONEOS_DEPLOYMENT_TARGET = 12.1;
				MTL_ENABLE_DEBUG_INFO = NO;
				MTL_FAST_MATH = YES;
				SDKROOT = iphoneos;
				SWIFT_COMPILATION_MODE = wholemodule;
				SWIFT_OPTIMIZATION_LEVEL = "-O";
				VALIDATE_PRODUCT = YES;
			};
			name = Release;
		};
		66CADBF82239E6B300D881B7 /* Debug */ = {
			isa = XCBuildConfiguration;
			buildSettings = {
				ASSETCATALOG_COMPILER_APPICON_NAME = AppIcon;
				CODE_SIGN_STYLE = Automatic;
				INFOPLIST_FILE = BrickBreaker/Info.plist;
				LD_RUNPATH_SEARCH_PATHS = (
					"$(inherited)",
					"@executable_path/Frameworks",
				);
				PRODUCT_BUNDLE_IDENTIFIER = brunoVF.BrickBreaker;
				PRODUCT_NAME = "$(TARGET_NAME)";
				SWIFT_VERSION = 4.2;
				TARGETED_DEVICE_FAMILY = "1,2";
			};
			name = Debug;
		};
		66CADBF92239E6B300D881B7 /* Release */ = {
			isa = XCBuildConfiguration;
			buildSettings = {
				ASSETCATALOG_COMPILER_APPICON_NAME = AppIcon;
				CODE_SIGN_STYLE = Automatic;
				INFOPLIST_FILE = BrickBreaker/Info.plist;
				LD_RUNPATH_SEARCH_PATHS = (
					"$(inherited)",
					"@executable_path/Frameworks",
				);
				PRODUCT_BUNDLE_IDENTIFIER = brunoVF.BrickBreaker;
				PRODUCT_NAME = "$(TARGET_NAME)";
				SWIFT_VERSION = 4.2;
				TARGETED_DEVICE_FAMILY = "1,2";
			};
			name = Release;
		};
		66CADBFB2239E6B300D881B7 /* Debug */ = {
			isa = XCBuildConfiguration;
			buildSettings = {
				ALWAYS_EMBED_SWIFT_STANDARD_LIBRARIES = YES;
				BUNDLE_LOADER = "$(TEST_HOST)";
				CODE_SIGN_STYLE = Automatic;
				INFOPLIST_FILE = BrickBreakerTests/Info.plist;
				LD_RUNPATH_SEARCH_PATHS = (
					"$(inherited)",
					"@executable_path/Frameworks",
					"@loader_path/Frameworks",
				);
				PRODUCT_BUNDLE_IDENTIFIER = brunoVF.BrickBreakerTests;
				PRODUCT_NAME = "$(TARGET_NAME)";
				SWIFT_VERSION = 4.2;
				TARGETED_DEVICE_FAMILY = "1,2";
				TEST_HOST = "$(BUILT_PRODUCTS_DIR)/BrickBreaker.app/BrickBreaker";
			};
			name = Debug;
		};
		66CADBFC2239E6B300D881B7 /* Release */ = {
			isa = XCBuildConfiguration;
			buildSettings = {
				ALWAYS_EMBED_SWIFT_STANDARD_LIBRARIES = YES;
				BUNDLE_LOADER = "$(TEST_HOST)";
				CODE_SIGN_STYLE = Automatic;
				INFOPLIST_FILE = BrickBreakerTests/Info.plist;
				LD_RUNPATH_SEARCH_PATHS = (
					"$(inherited)",
					"@executable_path/Frameworks",
					"@loader_path/Frameworks",
				);
				PRODUCT_BUNDLE_IDENTIFIER = brunoVF.BrickBreakerTests;
				PRODUCT_NAME = "$(TARGET_NAME)";
				SWIFT_VERSION = 4.2;
				TARGETED_DEVICE_FAMILY = "1,2";
				TEST_HOST = "$(BUILT_PRODUCTS_DIR)/BrickBreaker.app/BrickBreaker";
			};
			name = Release;
		};
		66CADBFE2239E6B300D881B7 /* Debug */ = {
			isa = XCBuildConfiguration;
			buildSettings = {
				ALWAYS_EMBED_SWIFT_STANDARD_LIBRARIES = YES;
				CODE_SIGN_STYLE = Automatic;
				INFOPLIST_FILE = BrickBreakerUITests/Info.plist;
				LD_RUNPATH_SEARCH_PATHS = (
					"$(inherited)",
					"@executable_path/Frameworks",
					"@loader_path/Frameworks",
				);
				PRODUCT_BUNDLE_IDENTIFIER = brunoVF.BrickBreakerUITests;
				PRODUCT_NAME = "$(TARGET_NAME)";
				SWIFT_VERSION = 4.2;
				TARGETED_DEVICE_FAMILY = "1,2";
				TEST_TARGET_NAME = BrickBreaker;
			};
			name = Debug;
		};
		66CADBFF2239E6B300D881B7 /* Release */ = {
			isa = XCBuildConfiguration;
			buildSettings = {
				ALWAYS_EMBED_SWIFT_STANDARD_LIBRARIES = YES;
				CODE_SIGN_STYLE = Automatic;
				INFOPLIST_FILE = BrickBreakerUITests/Info.plist;
				LD_RUNPATH_SEARCH_PATHS = (
					"$(inherited)",
					"@executable_path/Frameworks",
					"@loader_path/Frameworks",
				);
				PRODUCT_BUNDLE_IDENTIFIER = brunoVF.BrickBreakerUITests;
				PRODUCT_NAME = "$(TARGET_NAME)";
				SWIFT_VERSION = 4.2;
				TARGETED_DEVICE_FAMILY = "1,2";
				TEST_TARGET_NAME = BrickBreaker;
			};
			name = Release;
		};
/* End XCBuildConfiguration section */

/* Begin XCConfigurationList section */
		66CADBCA2239E6B200D881B7 /* Build configuration list for PBXProject "BrickBreaker" */ = {
			isa = XCConfigurationList;
			buildConfigurations = (
				66CADBF52239E6B300D881B7 /* Debug */,
				66CADBF62239E6B300D881B7 /* Release */,
			);
			defaultConfigurationIsVisible = 0;
			defaultConfigurationName = Release;
		};
		66CADBF72239E6B300D881B7 /* Build configuration list for PBXNativeTarget "BrickBreaker" */ = {
			isa = XCConfigurationList;
			buildConfigurations = (
				66CADBF82239E6B300D881B7 /* Debug */,
				66CADBF92239E6B300D881B7 /* Release */,
			);
			defaultConfigurationIsVisible = 0;
			defaultConfigurationName = Release;
		};
		66CADBFA2239E6B300D881B7 /* Build configuration list for PBXNativeTarget "BrickBreakerTests" */ = {
			isa = XCConfigurationList;
			buildConfigurations = (
				66CADBFB2239E6B300D881B7 /* Debug */,
				66CADBFC2239E6B300D881B7 /* Release */,
			);
			defaultConfigurationIsVisible = 0;
			defaultConfigurationName = Release;
		};
		66CADBFD2239E6B300D881B7 /* Build configuration list for PBXNativeTarget "BrickBreakerUITests" */ = {
			isa = XCConfigurationList;
			buildConfigurations = (
				66CADBFE2239E6B300D881B7 /* Debug */,
				66CADBFF2239E6B300D881B7 /* Release */,
			);
			defaultConfigurationIsVisible = 0;
			defaultConfigurationName = Release;
		};
/* End XCConfigurationList section */
	};
	rootObject = 66CADBC72239E6B200D881B7 /* Project object */;
}
